
Microsoft Visual Studio Solution File, Format Version 12.00
# Visual Studio Version 16
VisualStudioVersion = 16.0.29123.88
MinimumVisualStudioVersion = 10.0.40219.1
Project("{FAE04EC0-301F-11D3-BF4B-00C04F79EFBC}") = "CountryService1818", "CountryService1818\CountryService1818.csproj", "{47444328-A0AB-4317-A25F-0CDF069C032C}"
EndProject
Global
	GlobalSection(SolutionConfigurationPlatforms) = preSolution
		Debug|Any CPU = Debug|Any CPU
		Release|Any CPU = Release|Any CPU
	EndGlobalSection
	GlobalSection(ProjectConfigurationPlatforms) = postSolution
		{47444328-A0AB-4317-A25F-0CDF069C032C}.Debug|Any CPU.ActiveCfg = Debug|Any CPU
		{47444328-A0AB-4317-A25F-0CDF069C032C}.Debug|Any CPU.Build.0 = Debug|Any CPU
		{47444328-A0AB-4317-A25F-0CDF069C032C}.Release|Any CPU.ActiveCfg = Release|Any CPU
		{47444328-A0AB-4317-A25F-0CDF069C032C}.Release|Any CPU.Build.0 = Release|Any CPU
	EndGlobalSection
	GlobalSection(SolutionProperties) = preSolution
		HideSolutionNode = FALSE
	EndGlobalSection
	GlobalSection(ExtensibilityGlobals) = postSolution
		SolutionGuid = {C93C9E5C-74DB-4BCF-AEFA-F432819D690E}
	EndGlobalSection
EndGlobal
