
Microsoft Visual Studio Solution File, Format Version 12.00
# Visual Studio Version 16
VisualStudioVersion = 16.0.29123.88
MinimumVisualStudioVersion = 10.0.40219.1
Project("{FAE04EC0-301F-11D3-BF4B-00C04F79EFBC}") = "JsonLibraryDemo", "JsonLibraryDemo\JsonLibraryDemo.csproj", "{C7F66016-F442-410C-8B9F-37435D6046F6}"
EndProject
Global
	GlobalSection(SolutionConfigurationPlatforms) = preSolution
		Debug|Any CPU = Debug|Any CPU
		Release|Any CPU = Release|Any CPU
	EndGlobalSection
	GlobalSection(ProjectConfigurationPlatforms) = postSolution
		{C7F66016-F442-410C-8B9F-37435D6046F6}.Debug|Any CPU.ActiveCfg = Debug|Any CPU
		{C7F66016-F442-410C-8B9F-37435D6046F6}.Debug|Any CPU.Build.0 = Debug|Any CPU
		{C7F66016-F442-410C-8B9F-37435D6046F6}.Release|Any CPU.ActiveCfg = Release|Any CPU
		{C7F66016-F442-410C-8B9F-37435D6046F6}.Release|Any CPU.Build.0 = Release|Any CPU
	EndGlobalSection
	GlobalSection(SolutionProperties) = preSolution
		HideSolutionNode = FALSE
	EndGlobalSection
	GlobalSection(ExtensibilityGlobals) = postSolution
		SolutionGuid = {F406807F-FECB-4332-9F0B-ECFC94EEA6CB}
	EndGlobalSection
EndGlobal
