
Microsoft Visual Studio Solution File, Format Version 12.00
# Visual Studio Version 16
VisualStudioVersion = 16.0.28803.452
MinimumVisualStudioVersion = 10.0.40219.1
Project("{FAE04EC0-301F-11D3-BF4B-00C04F79EFBC}") = "CIAFactbook18App.DataSeeding", "CIAFactbook18App.DataSeeding\CIAFactbook18App.DataSeeding.csproj", "{8445E384-AD6C-4C74-9B1B-F3BE209ECB70}"
EndProject
Project("{FAE04EC0-301F-11D3-BF4B-00C04F79EFBC}") = "CIAFactbook18App", "CIAFactbook18App\CIAFactbook18App.csproj", "{7A582307-CFBD-4CEA-846B-602B8B62F434}"
EndProject
Project("{FAE04EC0-301F-11D3-BF4B-00C04F79EFBC}") = "CIAFactbook18App.Data", "CIAFactbook18App.Data\CIAFactbook18App.Data.csproj", "{083B7704-F19A-4B23-A25C-FA9996042638}"
EndProject
Global
	GlobalSection(SolutionConfigurationPlatforms) = preSolution
		Debug|Any CPU = Debug|Any CPU
		Release|Any CPU = Release|Any CPU
	EndGlobalSection
	GlobalSection(ProjectConfigurationPlatforms) = postSolution
		{8445E384-AD6C-4C74-9B1B-F3BE209ECB70}.Debug|Any CPU.ActiveCfg = Debug|Any CPU
		{8445E384-AD6C-4C74-9B1B-F3BE209ECB70}.Debug|Any CPU.Build.0 = Debug|Any CPU
		{8445E384-AD6C-4C74-9B1B-F3BE209ECB70}.Release|Any CPU.ActiveCfg = Release|Any CPU
		{8445E384-AD6C-4C74-9B1B-F3BE209ECB70}.Release|Any CPU.Build.0 = Release|Any CPU
		{7A582307-CFBD-4CEA-846B-602B8B62F434}.Debug|Any CPU.ActiveCfg = Debug|Any CPU
		{7A582307-CFBD-4CEA-846B-602B8B62F434}.Debug|Any CPU.Build.0 = Debug|Any CPU
		{7A582307-CFBD-4CEA-846B-602B8B62F434}.Release|Any CPU.ActiveCfg = Release|Any CPU
		{7A582307-CFBD-4CEA-846B-602B8B62F434}.Release|Any CPU.Build.0 = Release|Any CPU
		{083B7704-F19A-4B23-A25C-FA9996042638}.Debug|Any CPU.ActiveCfg = Debug|Any CPU
		{083B7704-F19A-4B23-A25C-FA9996042638}.Debug|Any CPU.Build.0 = Debug|Any CPU
		{083B7704-F19A-4B23-A25C-FA9996042638}.Release|Any CPU.ActiveCfg = Release|Any CPU
		{083B7704-F19A-4B23-A25C-FA9996042638}.Release|Any CPU.Build.0 = Release|Any CPU
	EndGlobalSection
	GlobalSection(SolutionProperties) = preSolution
		HideSolutionNode = FALSE
	EndGlobalSection
	GlobalSection(ExtensibilityGlobals) = postSolution
		SolutionGuid = {A49C4ADD-0B6E-4F2F-A979-4373B6825637}
	EndGlobalSection
EndGlobal
